
Microsoft Visual Studio Solution File, Format Version 12.00
# Visual Studio Version 17
VisualStudioVersion = 17.14.36518.9
MinimumVisualStudioVersion = 10.0.40219.1
Project("{FAE04EC0-301F-11D3-BF4B-00C04F79EFBC}") = "E-Warehouse", "E-Warehouse\E-Warehouse.csproj", "{4D762A81-77A2-4E11-ACDD-0C4159E9CC46}"
EndProject
Global
	GlobalSection(SolutionConfigurationPlatforms) = preSolution
		Debug|Any CPU = Debug|Any CPU
		Release|Any CPU = Release|Any CPU
	EndGlobalSection
	GlobalSection(ProjectConfigurationPlatforms) = postSolution
		{4D762A81-77A2-4E11-ACDD-0C4159E9CC46}.Debug|Any CPU.ActiveCfg = Debug|Any CPU
		{4D762A81-77A2-4E11-ACDD-0C4159E9CC46}.Debug|Any CPU.Build.0 = Debug|Any CPU
		{4D762A81-77A2-4E11-ACDD-0C4159E9CC46}.Release|Any CPU.ActiveCfg = Release|Any CPU
		{4D762A81-77A2-4E11-ACDD-0C4159E9CC46}.Release|Any CPU.Build.0 = Release|Any CPU
	EndGlobalSection
	GlobalSection(SolutionProperties) = preSolution
		HideSolutionNode = FALSE
	EndGlobalSection
	GlobalSection(ExtensibilityGlobals) = postSolution
		SolutionGuid = {7C82D296-CDF3-4095-A792-E7C39C7BA08C}
	EndGlobalSection
EndGlobal
